
Microsoft Visual Studio Solution File, Format Version 12.00
# Visual Studio Version 17
VisualStudioVersion = 17.14.36310.24 d17.14
MinimumVisualStudioVersion = 10.0.40219.1
Project("{FAE04EC0-301F-11D3-BF4B-00C04F79EFBC}") = "Scaffold", "Scaffold.csproj", "{F4C9A1E9-CC48-426E-9C89-51F3509D5BE6}"
EndProject
Global
	GlobalSection(SolutionConfigurationPlatforms) = preSolution
		Debug|Any CPU = Debug|Any CPU
		Release|Any CPU = Release|Any CPU
	EndGlobalSection
	GlobalSection(ProjectConfigurationPlatforms) = postSolution
		{F4C9A1E9-CC48-426E-9C89-51F3509D5BE6}.Debug|Any CPU.ActiveCfg = Debug|Any CPU
		{F4C9A1E9-CC48-426E-9C89-51F3509D5BE6}.Debug|Any CPU.Build.0 = Debug|Any CPU
		{F4C9A1E9-CC48-426E-9C89-51F3509D5BE6}.Release|Any CPU.ActiveCfg = Release|Any CPU
		{F4C9A1E9-CC48-426E-9C89-51F3509D5BE6}.Release|Any CPU.Build.0 = Release|Any CPU
	EndGlobalSection
	GlobalSection(SolutionProperties) = preSolution
		HideSolutionNode = FALSE
	EndGlobalSection
	GlobalSection(ExtensibilityGlobals) = postSolution
		SolutionGuid = {9A57FD96-67FF-43A2-A144-E7F8A36E01BF}
	EndGlobalSection
EndGlobal
